
Microsoft Visual Studio Solution File, Format Version 12.00
# Visual Studio 15
VisualStudioVersion = 15.0.26430.14
MinimumVisualStudioVersion = 10.0.40219.1
Project("{9A19103F-16F7-4668-BE54-9A1E7A4F7556}") = "Analyzers", "Analyzers\Analyzers.csproj", "{21AC1140-A1CD-4919-97C8-136B577D83D5}"
EndProject
Project("{2150E333-8FDC-42A3-9474-1A3956D46DE8}") = "Source", "Source", "{BB25C7FF-2055-4178-84CD-9056C4863183}"
EndProject
Project("{2150E333-8FDC-42A3-9474-1A3956D46DE8}") = "Tests", "Tests", "{FC0DCA08-980A-4A70-BAA6-FD9B17C2AE67}"
EndProject
Project("{FAE04EC0-301F-11D3-BF4B-00C04F79EFBC}") = "Analyzers.Tests", "..\..\Tests\Analyzers.Tests\Analyzers.Tests.csproj", "{95786AAB-BBA1-4934-A6ED-84D5861C086F}"
EndProject
Project("{2150E333-8FDC-42A3-9474-1A3956D46DE8}") = "Debug", "Debug", "{283A022C-B986-4474-B092-DA24D508B73E}"
EndProject
Project("{FAE04EC0-301F-11D3-BF4B-00C04F79EFBC}") = "DebugAnalyzers.Vsix", "..\..\Debug\DebugAnalyzers.Vsix\DebugAnalyzers.Vsix.csproj", "{37FEB210-C1E2-4EB8-B1BA-3372F05F87C2}"
EndProject
Global
	GlobalSection(SolutionConfigurationPlatforms) = preSolution
		Debug|Any CPU = Debug|Any CPU
		Release|Any CPU = Release|Any CPU
	EndGlobalSection
	GlobalSection(ProjectConfigurationPlatforms) = postSolution
		{21AC1140-A1CD-4919-97C8-136B577D83D5}.Debug|Any CPU.ActiveCfg = Debug|Any CPU
		{21AC1140-A1CD-4919-97C8-136B577D83D5}.Debug|Any CPU.Build.0 = Debug|Any CPU
		{21AC1140-A1CD-4919-97C8-136B577D83D5}.Release|Any CPU.ActiveCfg = Release|Any CPU
		{21AC1140-A1CD-4919-97C8-136B577D83D5}.Release|Any CPU.Build.0 = Release|Any CPU
		{95786AAB-BBA1-4934-A6ED-84D5861C086F}.Debug|Any CPU.ActiveCfg = Debug|Any CPU
		{95786AAB-BBA1-4934-A6ED-84D5861C086F}.Debug|Any CPU.Build.0 = Debug|Any CPU
		{95786AAB-BBA1-4934-A6ED-84D5861C086F}.Release|Any CPU.ActiveCfg = Release|Any CPU
		{95786AAB-BBA1-4934-A6ED-84D5861C086F}.Release|Any CPU.Build.0 = Release|Any CPU
		{37FEB210-C1E2-4EB8-B1BA-3372F05F87C2}.Debug|Any CPU.ActiveCfg = Debug|Any CPU
		{37FEB210-C1E2-4EB8-B1BA-3372F05F87C2}.Debug|Any CPU.Build.0 = Debug|Any CPU
		{37FEB210-C1E2-4EB8-B1BA-3372F05F87C2}.Release|Any CPU.ActiveCfg = Release|Any CPU
		{37FEB210-C1E2-4EB8-B1BA-3372F05F87C2}.Release|Any CPU.Build.0 = Release|Any CPU
	EndGlobalSection
	GlobalSection(SolutionProperties) = preSolution
		HideSolutionNode = FALSE
	EndGlobalSection
	GlobalSection(NestedProjects) = preSolution
		{21AC1140-A1CD-4919-97C8-136B577D83D5} = {BB25C7FF-2055-4178-84CD-9056C4863183}
		{95786AAB-BBA1-4934-A6ED-84D5861C086F} = {FC0DCA08-980A-4A70-BAA6-FD9B17C2AE67}
		{37FEB210-C1E2-4EB8-B1BA-3372F05F87C2} = {283A022C-B986-4474-B092-DA24D508B73E}
	EndGlobalSection
EndGlobal
